
Microsoft Visual Studio Solution File, Format Version 12.00
# Visual Studio Version 16
VisualStudioVersion = 16.0.31613.86
MinimumVisualStudioVersion = 10.0.40219.1
Project("{FAE04EC0-301F-11D3-BF4B-00C04F79EFBC}") = "AutoSensitivity", "AutoSensitivity\AutoSensitivity.csproj", "{EB2B0502-85A8-4E42-BD5A-EDB565C9CD84}"
EndProject
Global
	GlobalSection(SolutionConfigurationPlatforms) = preSolution
		Debug|Any CPU = Debug|Any CPU
		Release|Any CPU = Release|Any CPU
	EndGlobalSection
	GlobalSection(ProjectConfigurationPlatforms) = postSolution
		{EB2B0502-85A8-4E42-BD5A-EDB565C9CD84}.Debug|Any CPU.ActiveCfg = Debug|Any CPU
		{EB2B0502-85A8-4E42-BD5A-EDB565C9CD84}.Debug|Any CPU.Build.0 = Debug|Any CPU
		{EB2B0502-85A8-4E42-BD5A-EDB565C9CD84}.Release|Any CPU.ActiveCfg = Release|Any CPU
		{EB2B0502-85A8-4E42-BD5A-EDB565C9CD84}.Release|Any CPU.Build.0 = Release|Any CPU
	EndGlobalSection
	GlobalSection(SolutionProperties) = preSolution
		HideSolutionNode = FALSE
	EndGlobalSection
	GlobalSection(ExtensibilityGlobals) = postSolution
		SolutionGuid = {A60C4C86-9020-41C3-B1EB-5D2CFB419558}
	EndGlobalSection
EndGlobal
